# This file is generated by running "yarn install" inside your project.
# Manual changes might be lost - proceed with caution!

__metadata:
  version: 8
  cacheKey: 10c0

"@babel/code-frame@npm:^7.0.0":
  version: 7.27.1
  resolution: "@babel/code-frame@npm:7.27.1"
  dependencies:
    "@babel/helper-validator-identifier": "npm:^7.27.1"
    js-tokens: "npm:^4.0.0"
    picocolors: "npm:^1.1.1"
  checksum: 10c0/5dd9a18baa5fce4741ba729acc3a3272c49c25cb8736c4b18e113099520e7ef7b545a4096a26d600e4416157e63e87d66db46aa3fbf0a5f2286da2705c12da00
  languageName: node
  linkType: hard

"@babel/helper-validator-identifier@npm:^7.27.1":
  version: 7.27.1
  resolution: "@babel/helper-validator-identifier@npm:7.27.1"
  checksum: 10c0/c558f11c4871d526498e49d07a84752d1800bf72ac0d3dad100309a2eaba24efbf56ea59af5137ff15e3a00280ebe588560534b0e894a4750f8b1411d8f78b84
  languageName: node
  linkType: hard

"@esbuild/android-arm@npm:0.15.18":
  version: 0.15.18
  resolution: "@esbuild/android-arm@npm:0.15.18"
  conditions: os=android & cpu=arm
  languageName: node
  linkType: hard

"@esbuild/linux-loong64@npm:0.15.18":
  version: 0.15.18
  resolution: "@esbuild/linux-loong64@npm:0.15.18"
  conditions: os=linux & cpu=loong64
  languageName: node
  linkType: hard

"@hotwired/stimulus-webpack-helpers@npm:^1.0.0":
  version: 1.0.1
  resolution: "@hotwired/stimulus-webpack-helpers@npm:1.0.1"
  peerDependencies:
    "@hotwired/stimulus": ">= 3.0"
  checksum: 10c0/2575b44cf625df2d6853996d0c0f39527114875f81184d078886f603a5652331894a84fb6ded1bd7ff3e18667e955d6388794ae912ce61d2682c5079f9dd1950
  languageName: node
  linkType: hard

"@hotwired/stimulus@npm:^3.2.1, @hotwired/stimulus@npm:^3.2.2":
  version: 3.2.2
  resolution: "@hotwired/stimulus@npm:3.2.2"
  checksum: 10c0/3793919e353d28424f57d07e6b634bf6e8821c227acfa2a608aaa8bdfe7e80479acef12705168ca866f3c231399f4a939fb0cd089aaae04c406b3d885a3b35ea
  languageName: node
  linkType: hard

"@hotwired/turbo@npm:>=8":
  version: 8.0.18
  resolution: "@hotwired/turbo@npm:8.0.18"
  checksum: 10c0/5021e77441cc1730629c4c4b25113d8cc765f4ebcdc173c3fcab53124a36c682f89c1c918be8f90c1e19175e7ac0391216728135b29ebdf1e701ec27d6acc70c
  languageName: node
  linkType: hard

"@kurkle/color@npm:^0.3.0":
  version: 0.3.4
  resolution: "@kurkle/color@npm:0.3.4"
  checksum: 10c0/0e9fd55c614b005c5f0c4c755bca19ec0293bc7513b4ea3ec1725234f9c2fa81afbc78156baf555c8b9cb0d305619253c3f5bca016067daeebb3d00ebb4ea683
  languageName: node
  linkType: hard

"@puppeteer/browsers@npm:2.10.11":
  version: 2.10.11
  resolution: "@puppeteer/browsers@npm:2.10.11"
  dependencies:
    debug: "npm:^4.4.3"
    extract-zip: "npm:^2.0.1"
    progress: "npm:^2.0.3"
    proxy-agent: "npm:^6.5.0"
    semver: "npm:^7.7.2"
    tar-fs: "npm:^3.1.1"
    yargs: "npm:^17.7.2"
  bin:
    browsers: lib/cjs/main-cli.js
  checksum: 10c0/0f1338fda88e6324af2ebb3434e7e7c12a990d4575306102b30ee68901fb7d919e93f8e54596a26da797acc10b6562c196b7ad8ebc56a6cf0a91eaeed30048b0
  languageName: node
  linkType: hard

"@stimulus-components/chartjs@npm:^6.0.0":
  version: 6.0.1
  resolution: "@stimulus-components/chartjs@npm:6.0.1"
  dependencies:
    chart.js: "npm:^4.4.1"
  peerDependencies:
    "@hotwired/stimulus": ^3
  checksum: 10c0/e14af9d941bc171dce4d1058780f7bcf5a08fdcdc59bd273867c20ee8f029e40766e4084c39c356122cc6b7ffdcf19a01dc734822f95352360402391a7b82bba
  languageName: node
  linkType: hard

"@tootallnate/quickjs-emscripten@npm:^0.23.0":
  version: 0.23.0
  resolution: "@tootallnate/quickjs-emscripten@npm:0.23.0"
  checksum: 10c0/2a939b781826fb5fd3edd0f2ec3b321d259d760464cf20611c9877205aaca3ccc0b7304dea68416baa0d568e82cd86b17d29548d1e5139fa3155a4a86a2b4b49
  languageName: node
  linkType: hard

"@types/node@npm:*":
  version: 24.7.2
  resolution: "@types/node@npm:24.7.2"
  dependencies:
    undici-types: "npm:~7.14.0"
  checksum: 10c0/03f662f10e4b89bc97016e067101cbabe55025b54c24afb581fb50992d5eeaaf417bdae34bbc668ae8759d3cdbbbadf35fc8b9b29d26f52ede2525d48e919e49
  languageName: node
  linkType: hard

"@types/yauzl@npm:^2.9.1":
  version: 2.10.3
  resolution: "@types/yauzl@npm:2.10.3"
  dependencies:
    "@types/node": "npm:*"
  checksum: 10c0/f1b7c1b99fef9f2fe7f1985ef7426d0cebe48cd031f1780fcdc7451eec7e31ac97028f16f50121a59bcf53086a1fc8c856fd5b7d3e00970e43d92ae27d6b43dc
  languageName: node
  linkType: hard

"agent-base@npm:^7.1.0, agent-base@npm:^7.1.2":
  version: 7.1.4
  resolution: "agent-base@npm:7.1.4"
  checksum: 10c0/c2c9ab7599692d594b6a161559ada307b7a624fa4c7b03e3afdb5a5e31cd0e53269115b620fcab024c5ac6a6f37fa5eb2e004f076ad30f5f7e6b8b671f7b35fe
  languageName: node
  linkType: hard

"ansi-regex@npm:^5.0.1":
  version: 5.0.1
  resolution: "ansi-regex@npm:5.0.1"
  checksum: 10c0/9a64bb8627b434ba9327b60c027742e5d17ac69277960d041898596271d992d4d52ba7267a63ca10232e29f6107fc8a835f6ce8d719b88c5f8493f8254813737
  languageName: node
  linkType: hard

"ansi-styles@npm:^4.0.0":
  version: 4.3.0
  resolution: "ansi-styles@npm:4.3.0"
  dependencies:
    color-convert: "npm:^2.0.1"
  checksum: 10c0/895a23929da416f2bd3de7e9cb4eabd340949328ab85ddd6e484a637d8f6820d485f53933446f5291c3b760cbc488beb8e88573dd0f9c7daf83dccc8fe81b041
  languageName: node
  linkType: hard

"argparse@npm:^2.0.1":
  version: 2.0.1
  resolution: "argparse@npm:2.0.1"
  checksum: 10c0/c5640c2d89045371c7cedd6a70212a04e360fd34d6edeae32f6952c63949e3525ea77dbec0289d8213a99bbaeab5abfa860b5c12cf88a2e6cf8106e90dd27a7e
  languageName: node
  linkType: hard

"ast-types@npm:^0.13.4":
  version: 0.13.4
  resolution: "ast-types@npm:0.13.4"
  dependencies:
    tslib: "npm:^2.0.1"
  checksum: 10c0/3a1a409764faa1471601a0ad01b3aa699292991aa9c8a30c7717002cabdf5d98008e7b53ae61f6e058f757fc6ba965e147967a93c13e62692c907d79cfb245f8
  languageName: node
  linkType: hard

"b4a@npm:^1.6.4":
  version: 1.7.3
  resolution: "b4a@npm:1.7.3"
  peerDependencies:
    react-native-b4a: "*"
  peerDependenciesMeta:
    react-native-b4a:
      optional: true
  checksum: 10c0/ac16d186e00fa0d16de1f1a4af413953bc762d50d5a0e382aaa744a13886600313b7293403ad77fc83f6b1489c3fc2610494d1026754a51d1b7cdac2115a7598
  languageName: node
  linkType: hard

"bare-events@npm:^2.5.4, bare-events@npm:^2.7.0":
  version: 2.8.0
  resolution: "bare-events@npm:2.8.0"
  peerDependencies:
    bare-abort-controller: "*"
  peerDependenciesMeta:
    bare-abort-controller:
      optional: true
  checksum: 10c0/fb65fd7d3707289e22313174f1f8f675987df0820e7fc51ea6c33fa5b33d2a71a3c336f335eb70008b62fd791858e24b39138df269cd26bbbbde76e61a10ba30
  languageName: node
  linkType: hard

"bare-fs@npm:^4.0.1":
  version: 4.4.10
  resolution: "bare-fs@npm:4.4.10"
  dependencies:
    bare-events: "npm:^2.5.4"
    bare-path: "npm:^3.0.0"
    bare-stream: "npm:^2.6.4"
    bare-url: "npm:^2.2.2"
    fast-fifo: "npm:^1.3.2"
  peerDependencies:
    bare-buffer: "*"
  peerDependenciesMeta:
    bare-buffer:
      optional: true
  checksum: 10c0/82c643654d94d7913fe356b581d6b112e418a0d350904e8a0532329a3919d9d09a156c5712f3f1af716e1b61197d231924c2bc9c13e38dcc7abef406a1ca6159
  languageName: node
  linkType: hard

"bare-os@npm:^3.0.1":
  version: 3.6.2
  resolution: "bare-os@npm:3.6.2"
  checksum: 10c0/7d917bc202b7efbb6b78658403fac04ae4e91db98d38cbd24037f896a2b1b4f4571d8cd408d12bed6a4c406d6abaf8d03836eacbcc4c75a0b6974e268574fc5a
  languageName: node
  linkType: hard

"bare-path@npm:^3.0.0":
  version: 3.0.0
  resolution: "bare-path@npm:3.0.0"
  dependencies:
    bare-os: "npm:^3.0.1"
  checksum: 10c0/56a3ca82a9f808f4976cb1188640ac206546ce0ddff582afafc7bd2a6a5b31c3bd16422653aec656eeada2830cfbaa433c6cbf6d6b4d9eba033d5e06d60d9a68
  languageName: node
  linkType: hard

"bare-stream@npm:^2.6.4":
  version: 2.7.0
  resolution: "bare-stream@npm:2.7.0"
  dependencies:
    streamx: "npm:^2.21.0"
  peerDependencies:
    bare-buffer: "*"
    bare-events: "*"
  peerDependenciesMeta:
    bare-buffer:
      optional: true
    bare-events:
      optional: true
  checksum: 10c0/3acd840b7b288dc066226c36446ff605fba2ecce98f1a0ce6aa611b81aabbcd204046a3209bce172373d17eaeaa5b7d35a85649c18ffcb9f2c783242854e99bd
  languageName: node
  linkType: hard

"bare-url@npm:^2.2.2":
  version: 2.2.2
  resolution: "bare-url@npm:2.2.2"
  dependencies:
    bare-path: "npm:^3.0.0"
  checksum: 10c0/21e81fc47596f23d7aa4a981f66a34edaa54b1c188318a7e93422af47ca3f4d2b70fc37dba990c68e6e5c97c3f17369e26f1f180315bda191c174f512962c8b0
  languageName: node
  linkType: hard

"basic-ftp@npm:^5.0.2":
  version: 5.0.5
  resolution: "basic-ftp@npm:5.0.5"
  checksum: 10c0/be983a3997749856da87b839ffce6b8ed6c7dbf91ea991d5c980d8add275f9f2926c19f80217ac3e7f353815be879371d636407ca72b038cea8cab30e53928a6
  languageName: node
  linkType: hard

"buffer-crc32@npm:~0.2.3":
  version: 0.2.13
  resolution: "buffer-crc32@npm:0.2.13"
  checksum: 10c0/cb0a8ddf5cf4f766466db63279e47761eb825693eeba6a5a95ee4ec8cb8f81ede70aa7f9d8aeec083e781d47154290eb5d4d26b3f7a465ec57fb9e7d59c47150
  languageName: node
  linkType: hard

"callsites@npm:^3.0.0":
  version: 3.1.0
  resolution: "callsites@npm:3.1.0"
  checksum: 10c0/fff92277400eb06c3079f9e74f3af120db9f8ea03bad0e84d9aede54bbe2d44a56cccb5f6cf12211f93f52306df87077ecec5b712794c5a9b5dac6d615a3f301
  languageName: node
  linkType: hard

"chart.js@npm:^4.4.1":
  version: 4.5.0
  resolution: "chart.js@npm:4.5.0"
  dependencies:
    "@kurkle/color": "npm:^0.3.0"
  checksum: 10c0/f12c7f9a238ee7ce6d3f7111628e9daba86bb8ff8e54cfe63525fde6ded9003c72c4c8d2c7d5702539dc0aff7e682dfec058660ade8d03a970da002656d4ac91
  languageName: node
  linkType: hard

"chosen-js@npm:>=1.8.7":
  version: 1.8.7
  resolution: "chosen-js@npm:1.8.7"
  checksum: 10c0/525967b6210e2b54fa2c48d4866845646cc1ddcf4143b0fc14bfcb2c7be09225908b823079c8cf7a30fde66b4547c910efdebf7f021d520822c90bda1479529e
  languageName: node
  linkType: hard

"chromium-bidi@npm:9.1.0":
  version: 9.1.0
  resolution: "chromium-bidi@npm:9.1.0"
  dependencies:
    mitt: "npm:^3.0.1"
    zod: "npm:^3.24.1"
  peerDependencies:
    devtools-protocol: "*"
  checksum: 10c0/ab75ab4e3434e1fab11a35a1fa6f64dd55bfcdf046251f4489ece828ae18b3c88b16728b00d02c4ed012b686f455cb589774370ef8f3f07b9d762476c4c672cc
  languageName: node
  linkType: hard

"cliui@npm:^8.0.1":
  version: 8.0.1
  resolution: "cliui@npm:8.0.1"
  dependencies:
    string-width: "npm:^4.2.0"
    strip-ansi: "npm:^6.0.1"
    wrap-ansi: "npm:^7.0.0"
  checksum: 10c0/4bda0f09c340cbb6dfdc1ed508b3ca080f12992c18d68c6be4d9cf51756033d5266e61ec57529e610dacbf4da1c634423b0c1b11037709cc6b09045cbd815df5
  languageName: node
  linkType: hard

"color-convert@npm:^2.0.1":
  version: 2.0.1
  resolution: "color-convert@npm:2.0.1"
  dependencies:
    color-name: "npm:~1.1.4"
  checksum: 10c0/37e1150172f2e311fe1b2df62c6293a342ee7380da7b9cfdba67ea539909afbd74da27033208d01d6d5cfc65ee7868a22e18d7e7648e004425441c0f8a15a7d7
  languageName: node
  linkType: hard

"color-name@npm:~1.1.4":
  version: 1.1.4
  resolution: "color-name@npm:1.1.4"
  checksum: 10c0/a1a3f914156960902f46f7f56bc62effc6c94e84b2cae157a526b1c1f74b677a47ec602bf68a61abfa2b42d15b7c5651c6dbe72a43af720bc588dff885b10f95
  languageName: node
  linkType: hard

"cosmiconfig@npm:^9.0.0":
  version: 9.0.0
  resolution: "cosmiconfig@npm:9.0.0"
  dependencies:
    env-paths: "npm:^2.2.1"
    import-fresh: "npm:^3.3.0"
    js-yaml: "npm:^4.1.0"
    parse-json: "npm:^5.2.0"
  peerDependencies:
    typescript: ">=4.9.5"
  peerDependenciesMeta:
    typescript:
      optional: true
  checksum: 10c0/1c1703be4f02a250b1d6ca3267e408ce16abfe8364193891afc94c2d5c060b69611fdc8d97af74b7e6d5d1aac0ab2fb94d6b079573146bc2d756c2484ce5f0ee
  languageName: node
  linkType: hard

"data-uri-to-buffer@npm:^6.0.2":
  version: 6.0.2
  resolution: "data-uri-to-buffer@npm:6.0.2"
  checksum: 10c0/f76922bf895b3d7d443059ff278c9cc5efc89d70b8b80cd9de0aa79b3adc6d7a17948eefb8692e30398c43635f70ece1673d6085cc9eba2878dbc6c6da5292ac
  languageName: node
  linkType: hard

"debug@npm:4, debug@npm:^4.1.1, debug@npm:^4.3.4, debug@npm:^4.4.3":
  version: 4.4.3
  resolution: "debug@npm:4.4.3"
  dependencies:
    ms: "npm:^2.1.3"
  peerDependenciesMeta:
    supports-color:
      optional: true
  checksum: 10c0/d79136ec6c83ecbefd0f6a5593da6a9c91ec4d7ddc4b54c883d6e71ec9accb5f67a1a5e96d00a328196b5b5c86d365e98d8a3a70856aaf16b4e7b1985e67f5a6
  languageName: node
  linkType: hard

"degenerator@npm:^5.0.0":
  version: 5.0.1
  resolution: "degenerator@npm:5.0.1"
  dependencies:
    ast-types: "npm:^0.13.4"
    escodegen: "npm:^2.1.0"
    esprima: "npm:^4.0.1"
  checksum: 10c0/e48d8a651edeb512a648711a09afec269aac6de97d442a4bb9cf121a66877e0eec11b9727100a10252335c0666ae1c84a8bc1e3a3f47788742c975064d2c7b1c
  languageName: node
  linkType: hard

"devtools-protocol@npm:0.0.1508733":
  version: 0.0.1508733
  resolution: "devtools-protocol@npm:0.0.1508733"
  checksum: 10c0/d8d15e0a79b7343b9fe165fca70fabb77da29f7e3d72aa38b2776de795f8a24a3ea592da7b4edd9bf86344114e1431b0dd1b663c8c4efcd7f130db42d5360d88
  languageName: node
  linkType: hard

"emoji-regex@npm:^8.0.0":
  version: 8.0.0
  resolution: "emoji-regex@npm:8.0.0"
  checksum: 10c0/b6053ad39951c4cf338f9092d7bfba448cdfd46fe6a2a034700b149ac9ffbc137e361cbd3c442297f86bed2e5f7576c1b54cc0a6bf8ef5106cc62f496af35010
  languageName: node
  linkType: hard

"end-of-stream@npm:^1.1.0":
  version: 1.4.5
  resolution: "end-of-stream@npm:1.4.5"
  dependencies:
    once: "npm:^1.4.0"
  checksum: 10c0/b0701c92a10b89afb1cb45bf54a5292c6f008d744eb4382fa559d54775ff31617d1d7bc3ef617575f552e24fad2c7c1a1835948c66b3f3a4be0a6c1f35c883d8
  languageName: node
  linkType: hard

"env-paths@npm:^2.2.1":
  version: 2.2.1
  resolution: "env-paths@npm:2.2.1"
  checksum: 10c0/285325677bf00e30845e330eec32894f5105529db97496ee3f598478e50f008c5352a41a30e5e72ec9de8a542b5a570b85699cd63bd2bc646dbcb9f311d83bc4
  languageName: node
  linkType: hard

"error-ex@npm:^1.3.1":
  version: 1.3.4
  resolution: "error-ex@npm:1.3.4"
  dependencies:
    is-arrayish: "npm:^0.2.1"
  checksum: 10c0/b9e34ff4778b8f3b31a8377e1c654456f4c41aeaa3d10a1138c3b7635d8b7b2e03eb2475d46d8ae055c1f180a1063e100bffabf64ea7e7388b37735df5328664
  languageName: node
  linkType: hard

"esbuild-android-64@npm:0.15.18":
  version: 0.15.18
  resolution: "esbuild-android-64@npm:0.15.18"
  conditions: os=android & cpu=x64
  languageName: node
  linkType: hard

"esbuild-android-arm64@npm:0.15.18":
  version: 0.15.18
  resolution: "esbuild-android-arm64@npm:0.15.18"
  conditions: os=android & cpu=arm64
  languageName: node
  linkType: hard

"esbuild-darwin-64@npm:0.15.18":
  version: 0.15.18
  resolution: "esbuild-darwin-64@npm:0.15.18"
  conditions: os=darwin & cpu=x64
  languageName: node
  linkType: hard

"esbuild-darwin-arm64@npm:0.15.18":
  version: 0.15.18
  resolution: "esbuild-darwin-arm64@npm:0.15.18"
  conditions: os=darwin & cpu=arm64
  languageName: node
  linkType: hard

"esbuild-freebsd-64@npm:0.15.18":
  version: 0.15.18
  resolution: "esbuild-freebsd-64@npm:0.15.18"
  conditions: os=freebsd & cpu=x64
  languageName: node
  linkType: hard

"esbuild-freebsd-arm64@npm:0.15.18":
  version: 0.15.18
  resolution: "esbuild-freebsd-arm64@npm:0.15.18"
  conditions: os=freebsd & cpu=arm64
  languageName: node
  linkType: hard

"esbuild-linux-32@npm:0.15.18":
  version: 0.15.18
  resolution: "esbuild-linux-32@npm:0.15.18"
  conditions: os=linux & cpu=ia32
  languageName: node
  linkType: hard

"esbuild-linux-64@npm:0.15.18":
  version: 0.15.18
  resolution: "esbuild-linux-64@npm:0.15.18"
  conditions: os=linux & cpu=x64
  languageName: node
  linkType: hard

"esbuild-linux-arm64@npm:0.15.18":
  version: 0.15.18
  resolution: "esbuild-linux-arm64@npm:0.15.18"
  conditions: os=linux & cpu=arm64
  languageName: node
  linkType: hard

"esbuild-linux-arm@npm:0.15.18":
  version: 0.15.18
  resolution: "esbuild-linux-arm@npm:0.15.18"
  conditions: os=linux & cpu=arm
  languageName: node
  linkType: hard

"esbuild-linux-mips64le@npm:0.15.18":
  version: 0.15.18
  resolution: "esbuild-linux-mips64le@npm:0.15.18"
  conditions: os=linux & cpu=mips64el
  languageName: node
  linkType: hard

"esbuild-linux-ppc64le@npm:0.15.18":
  version: 0.15.18
  resolution: "esbuild-linux-ppc64le@npm:0.15.18"
  conditions: os=linux & cpu=ppc64
  languageName: node
  linkType: hard

"esbuild-linux-riscv64@npm:0.15.18":
  version: 0.15.18
  resolution: "esbuild-linux-riscv64@npm:0.15.18"
  conditions: os=linux & cpu=riscv64
  languageName: node
  linkType: hard

"esbuild-linux-s390x@npm:0.15.18":
  version: 0.15.18
  resolution: "esbuild-linux-s390x@npm:0.15.18"
  conditions: os=linux & cpu=s390x
  languageName: node
  linkType: hard

"esbuild-netbsd-64@npm:0.15.18":
  version: 0.15.18
  resolution: "esbuild-netbsd-64@npm:0.15.18"
  conditions: os=netbsd & cpu=x64
  languageName: node
  linkType: hard

"esbuild-openbsd-64@npm:0.15.18":
  version: 0.15.18
  resolution: "esbuild-openbsd-64@npm:0.15.18"
  conditions: os=openbsd & cpu=x64
  languageName: node
  linkType: hard

"esbuild-sunos-64@npm:0.15.18":
  version: 0.15.18
  resolution: "esbuild-sunos-64@npm:0.15.18"
  conditions: os=sunos & cpu=x64
  languageName: node
  linkType: hard

"esbuild-windows-32@npm:0.15.18":
  version: 0.15.18
  resolution: "esbuild-windows-32@npm:0.15.18"
  conditions: os=win32 & cpu=ia32
  languageName: node
  linkType: hard

"esbuild-windows-64@npm:0.15.18":
  version: 0.15.18
  resolution: "esbuild-windows-64@npm:0.15.18"
  conditions: os=win32 & cpu=x64
  languageName: node
  linkType: hard

"esbuild-windows-arm64@npm:0.15.18":
  version: 0.15.18
  resolution: "esbuild-windows-arm64@npm:0.15.18"
  conditions: os=win32 & cpu=arm64
  languageName: node
  linkType: hard

"esbuild@npm:^0.15.13":
  version: 0.15.18
  resolution: "esbuild@npm:0.15.18"
  dependencies:
    "@esbuild/android-arm": "npm:0.15.18"
    "@esbuild/linux-loong64": "npm:0.15.18"
    esbuild-android-64: "npm:0.15.18"
    esbuild-android-arm64: "npm:0.15.18"
    esbuild-darwin-64: "npm:0.15.18"
    esbuild-darwin-arm64: "npm:0.15.18"
    esbuild-freebsd-64: "npm:0.15.18"
    esbuild-freebsd-arm64: "npm:0.15.18"
    esbuild-linux-32: "npm:0.15.18"
    esbuild-linux-64: "npm:0.15.18"
    esbuild-linux-arm: "npm:0.15.18"
    esbuild-linux-arm64: "npm:0.15.18"
    esbuild-linux-mips64le: "npm:0.15.18"
    esbuild-linux-ppc64le: "npm:0.15.18"
    esbuild-linux-riscv64: "npm:0.15.18"
    esbuild-linux-s390x: "npm:0.15.18"
    esbuild-netbsd-64: "npm:0.15.18"
    esbuild-openbsd-64: "npm:0.15.18"
    esbuild-sunos-64: "npm:0.15.18"
    esbuild-windows-32: "npm:0.15.18"
    esbuild-windows-64: "npm:0.15.18"
    esbuild-windows-arm64: "npm:0.15.18"
  dependenciesMeta:
    "@esbuild/android-arm":
      optional: true
    "@esbuild/linux-loong64":
      optional: true
    esbuild-android-64:
      optional: true
    esbuild-android-arm64:
      optional: true
    esbuild-darwin-64:
      optional: true
    esbuild-darwin-arm64:
      optional: true
    esbuild-freebsd-64:
      optional: true
    esbuild-freebsd-arm64:
      optional: true
    esbuild-linux-32:
      optional: true
    esbuild-linux-64:
      optional: true
    esbuild-linux-arm:
      optional: true
    esbuild-linux-arm64:
      optional: true
    esbuild-linux-mips64le:
      optional: true
    esbuild-linux-ppc64le:
      optional: true
    esbuild-linux-riscv64:
      optional: true
    esbuild-linux-s390x:
      optional: true
    esbuild-netbsd-64:
      optional: true
    esbuild-openbsd-64:
      optional: true
    esbuild-sunos-64:
      optional: true
    esbuild-windows-32:
      optional: true
    esbuild-windows-64:
      optional: true
    esbuild-windows-arm64:
      optional: true
  bin:
    esbuild: bin/esbuild
  checksum: 10c0/4eb13979ae2e52eab529b79a0f236e03d08a7bd90c46924d60af73ea4de32d819abf916d0fd7a12b4908f91297e1477739f3ea9c53a68fbcc47a08ab173c41b0
  languageName: node
  linkType: hard

"escalade@npm:^3.1.1":
  version: 3.2.0
  resolution: "escalade@npm:3.2.0"
  checksum: 10c0/ced4dd3a78e15897ed3be74e635110bbf3b08877b0a41be50dcb325ee0e0b5f65fc2d50e9845194d7c4633f327e2e1c6cce00a71b617c5673df0374201d67f65
  languageName: node
  linkType: hard

"escodegen@npm:^2.1.0":
  version: 2.1.0
  resolution: "escodegen@npm:2.1.0"
  dependencies:
    esprima: "npm:^4.0.1"
    estraverse: "npm:^5.2.0"
    esutils: "npm:^2.0.2"
    source-map: "npm:~0.6.1"
  dependenciesMeta:
    source-map:
      optional: true
  bin:
    escodegen: bin/escodegen.js
    esgenerate: bin/esgenerate.js
  checksum: 10c0/e1450a1f75f67d35c061bf0d60888b15f62ab63aef9df1901cffc81cffbbb9e8b3de237c5502cf8613a017c1df3a3003881307c78835a1ab54d8c8d2206e01d3
  languageName: node
  linkType: hard

"esprima@npm:^4.0.1":
  version: 4.0.1
  resolution: "esprima@npm:4.0.1"
  bin:
    esparse: ./bin/esparse.js
    esvalidate: ./bin/esvalidate.js
  checksum: 10c0/ad4bab9ead0808cf56501750fd9d3fb276f6b105f987707d059005d57e182d18a7c9ec7f3a01794ebddcca676773e42ca48a32d67a250c9d35e009ca613caba3
  languageName: node
  linkType: hard

"estraverse@npm:^5.2.0":
  version: 5.3.0
  resolution: "estraverse@npm:5.3.0"
  checksum: 10c0/1ff9447b96263dec95d6d67431c5e0771eb9776427421260a3e2f0fdd5d6bd4f8e37a7338f5ad2880c9f143450c9b1e4fc2069060724570a49cf9cf0312bd107
  languageName: node
  linkType: hard

"esutils@npm:^2.0.2":
  version: 2.0.3
  resolution: "esutils@npm:2.0.3"
  checksum: 10c0/9a2fe69a41bfdade834ba7c42de4723c97ec776e40656919c62cbd13607c45e127a003f05f724a1ea55e5029a4cf2de444b13009f2af71271e42d93a637137c7
  languageName: node
  linkType: hard

"events-universal@npm:^1.0.0":
  version: 1.0.1
  resolution: "events-universal@npm:1.0.1"
  dependencies:
    bare-events: "npm:^2.7.0"
  checksum: 10c0/a1d9a5e9f95843650f8ec240dd1221454c110189a9813f32cdf7185759b43f1f964367ac7dca4ebc69150b59043f2d77c7e122b0d03abf7c25477ea5494785a5
  languageName: node
  linkType: hard

"extract-zip@npm:^2.0.1":
  version: 2.0.1
  resolution: "extract-zip@npm:2.0.1"
  dependencies:
    "@types/yauzl": "npm:^2.9.1"
    debug: "npm:^4.1.1"
    get-stream: "npm:^5.1.0"
    yauzl: "npm:^2.10.0"
  dependenciesMeta:
    "@types/yauzl":
      optional: true
  bin:
    extract-zip: cli.js
  checksum: 10c0/9afbd46854aa15a857ae0341a63a92743a7b89c8779102c3b4ffc207516b2019337353962309f85c66ee3d9092202a83cdc26dbf449a11981272038443974aee
  languageName: node
  linkType: hard

"fast-fifo@npm:^1.2.0, fast-fifo@npm:^1.3.2":
  version: 1.3.2
  resolution: "fast-fifo@npm:1.3.2"
  checksum: 10c0/d53f6f786875e8b0529f784b59b4b05d4b5c31c651710496440006a398389a579c8dbcd2081311478b5bf77f4b0b21de69109c5a4eabea9d8e8783d1eb864e4c
  languageName: node
  linkType: hard

"fd-slicer@npm:~1.1.0":
  version: 1.1.0
  resolution: "fd-slicer@npm:1.1.0"
  dependencies:
    pend: "npm:~1.2.0"
  checksum: 10c0/304dd70270298e3ffe3bcc05e6f7ade2511acc278bc52d025f8918b48b6aa3b77f10361bddfadfe2a28163f7af7adbdce96f4d22c31b2f648ba2901f0c5fc20e
  languageName: node
  linkType: hard

"get-caller-file@npm:^2.0.5":
  version: 2.0.5
  resolution: "get-caller-file@npm:2.0.5"
  checksum: 10c0/c6c7b60271931fa752aeb92f2b47e355eac1af3a2673f47c9589e8f8a41adc74d45551c1bc57b5e66a80609f10ffb72b6f575e4370d61cc3f7f3aaff01757cde
  languageName: node
  linkType: hard

"get-stream@npm:^5.1.0":
  version: 5.2.0
  resolution: "get-stream@npm:5.2.0"
  dependencies:
    pump: "npm:^3.0.0"
  checksum: 10c0/43797ffd815fbb26685bf188c8cfebecb8af87b3925091dd7b9a9c915993293d78e3c9e1bce125928ff92f2d0796f3889b92b5ec6d58d1041b574682132e0a80
  languageName: node
  linkType: hard

"get-uri@npm:^6.0.1":
  version: 6.0.5
  resolution: "get-uri@npm:6.0.5"
  dependencies:
    basic-ftp: "npm:^5.0.2"
    data-uri-to-buffer: "npm:^6.0.2"
    debug: "npm:^4.3.4"
  checksum: 10c0/c7ff5d5d55de53d23ecce7c5108cc3ed0db1174db43c9aa15506d640283d36ee0956fd8ba1fc50b06a718466cc85794ae9d8860193f91318afe846e3e7010f3a
  languageName: node
  linkType: hard

"http-proxy-agent@npm:^7.0.0, http-proxy-agent@npm:^7.0.1":
  version: 7.0.2
  resolution: "http-proxy-agent@npm:7.0.2"
  dependencies:
    agent-base: "npm:^7.1.0"
    debug: "npm:^4.3.4"
  checksum: 10c0/4207b06a4580fb85dd6dff521f0abf6db517489e70863dca1a0291daa7f2d3d2d6015a57bd702af068ea5cf9f1f6ff72314f5f5b4228d299c0904135d2aef921
  languageName: node
  linkType: hard

"https-proxy-agent@npm:^7.0.6":
  version: 7.0.6
  resolution: "https-proxy-agent@npm:7.0.6"
  dependencies:
    agent-base: "npm:^7.1.2"
    debug: "npm:4"
  checksum: 10c0/f729219bc735edb621fa30e6e84e60ee5d00802b8247aac0d7b79b0bd6d4b3294737a337b93b86a0bd9e68099d031858a39260c976dc14cdbba238ba1f8779ac
  languageName: node
  linkType: hard

"import-fresh@npm:^3.3.0":
  version: 3.3.1
  resolution: "import-fresh@npm:3.3.1"
  dependencies:
    parent-module: "npm:^1.0.0"
    resolve-from: "npm:^4.0.0"
  checksum: 10c0/bf8cc494872fef783249709385ae883b447e3eb09db0ebd15dcead7d9afe7224dad7bd7591c6b73b0b19b3c0f9640eb8ee884f01cfaf2887ab995b0b36a0cbec
  languageName: node
  linkType: hard

"install@npm:^0.13.0":
  version: 0.13.0
  resolution: "install@npm:0.13.0"
  checksum: 10c0/364d7d1e9404ff7ae3015dee7266b4ffb0e2aae348474b7ffd3e42fcbb78b37e29848e18ca94f93166f6ddb248be0f775fbed87cc92dafb018c289a86d010cf1
  languageName: node
  linkType: hard

"ip-address@npm:^10.0.1":
  version: 10.0.1
  resolution: "ip-address@npm:10.0.1"
  checksum: 10c0/1634d79dae18394004775cb6d699dc46b7c23df6d2083164025a2b15240c1164fccde53d0e08bd5ee4fc53913d033ab6b5e395a809ad4b956a940c446e948843
  languageName: node
  linkType: hard

"is-arrayish@npm:^0.2.1":
  version: 0.2.1
  resolution: "is-arrayish@npm:0.2.1"
  checksum: 10c0/e7fb686a739068bb70f860b39b67afc62acc62e36bb61c5f965768abce1873b379c563e61dd2adad96ebb7edf6651111b385e490cf508378959b0ed4cac4e729
  languageName: node
  linkType: hard

"is-fullwidth-code-point@npm:^3.0.0":
  version: 3.0.0
  resolution: "is-fullwidth-code-point@npm:3.0.0"
  checksum: 10c0/bb11d825e049f38e04c06373a8d72782eee0205bda9d908cc550ccb3c59b99d750ff9537982e01733c1c94a58e35400661f57042158ff5e8f3e90cf936daf0fc
  languageName: node
  linkType: hard

"jquery@npm:>=3.4.1":
  version: 3.7.1
  resolution: "jquery@npm:3.7.1"
  checksum: 10c0/808cfbfb758438560224bf26e17fcd5afc7419170230c810dd11f5c1792e2263e2970cca8d659eb84fcd9acc301edb6d310096e450277d54be4f57071b0c82d9
  languageName: node
  linkType: hard

"jquery_nested_form@npm:>=0.3.3":
  version: 0.3.3
  resolution: "jquery_nested_form@npm:0.3.3"
  checksum: 10c0/3d44ede8ef676fc3dc8bfd1b1c769ada1cdc7df2683cad76cd2fb68d8a2f3ad370573796b12f97672c9bb3745c5639ee4d3854e4878d3c730629835d9dcb7b6e
  languageName: node
  linkType: hard

"js-tokens@npm:^4.0.0":
  version: 4.0.0
  resolution: "js-tokens@npm:4.0.0"
  checksum: 10c0/e248708d377aa058eacf2037b07ded847790e6de892bbad3dac0abba2e759cb9f121b00099a65195616badcb6eca8d14d975cb3e89eb1cfda644756402c8aeed
  languageName: node
  linkType: hard

"js-yaml@npm:^4.1.0":
  version: 4.1.0
  resolution: "js-yaml@npm:4.1.0"
  dependencies:
    argparse: "npm:^2.0.1"
  bin:
    js-yaml: bin/js-yaml.js
  checksum: 10c0/184a24b4eaacfce40ad9074c64fd42ac83cf74d8c8cd137718d456ced75051229e5061b8633c3366b8aada17945a7a356b337828c19da92b51ae62126575018f
  languageName: node
  linkType: hard

"json-parse-even-better-errors@npm:^2.3.0":
  version: 2.3.1
  resolution: "json-parse-even-better-errors@npm:2.3.1"
  checksum: 10c0/140932564c8f0b88455432e0f33c4cb4086b8868e37524e07e723f4eaedb9425bdc2bafd71bd1d9765bd15fd1e2d126972bc83990f55c467168c228c24d665f3
  languageName: node
  linkType: hard

"leaflet@npm:^1.9.4":
  version: 1.9.4
  resolution: "leaflet@npm:1.9.4"
  checksum: 10c0/f639441dbb7eb9ae3fcd29ffd7d3508f6c6106892441634b0232fafb9ffb1588b05a8244ec7085de2c98b5ed703894df246898477836cfd0ce5b96d4717b5ca1
  languageName: node
  linkType: hard

"lines-and-columns@npm:^1.1.6":
  version: 1.2.4
  resolution: "lines-and-columns@npm:1.2.4"
  checksum: 10c0/3da6ee62d4cd9f03f5dc90b4df2540fb85b352081bee77fe4bbcd12c9000ead7f35e0a38b8d09a9bb99b13223446dd8689ff3c4959807620726d788701a83d2d
  languageName: node
  linkType: hard

"lru-cache@npm:^7.14.1":
  version: 7.18.3
  resolution: "lru-cache@npm:7.18.3"
  checksum: 10c0/b3a452b491433db885beed95041eb104c157ef7794b9c9b4d647be503be91769d11206bb573849a16b4cc0d03cbd15ffd22df7960997788b74c1d399ac7a4fed
  languageName: node
  linkType: hard

"mitt@npm:^3.0.1":
  version: 3.0.1
  resolution: "mitt@npm:3.0.1"
  checksum: 10c0/3ab4fdecf3be8c5255536faa07064d05caa3dd332bd318ff02e04621f7b3069ca1de9106cfe8e7ced675abfc2bec2ce4c4ef321c4a1bb1fb29df8ae090741913
  languageName: node
  linkType: hard

"ms@npm:^2.1.3":
  version: 2.1.3
  resolution: "ms@npm:2.1.3"
  checksum: 10c0/d924b57e7312b3b63ad21fc5b3dc0af5e78d61a1fc7cfb5457edaf26326bf62be5307cc87ffb6862ef1c2b33b0233cdb5d4f01c4c958cc0d660948b65a287a48
  languageName: node
  linkType: hard

"netmask@npm:^2.0.2":
  version: 2.0.2
  resolution: "netmask@npm:2.0.2"
  checksum: 10c0/cafd28388e698e1138ace947929f842944d0f1c0b87d3fa2601a61b38dc89397d33c0ce2c8e7b99e968584b91d15f6810b91bef3f3826adf71b1833b61d4bf4f
  languageName: node
  linkType: hard

"once@npm:^1.3.1, once@npm:^1.4.0":
  version: 1.4.0
  resolution: "once@npm:1.4.0"
  dependencies:
    wrappy: "npm:1"
  checksum: 10c0/5d48aca287dfefabd756621c5dfce5c91a549a93e9fdb7b8246bc4c4790aa2ec17b34a260530474635147aeb631a2dcc8b32c613df0675f96041cbb8244517d0
  languageName: node
  linkType: hard

"pac-proxy-agent@npm:^7.1.0":
  version: 7.2.0
  resolution: "pac-proxy-agent@npm:7.2.0"
  dependencies:
    "@tootallnate/quickjs-emscripten": "npm:^0.23.0"
    agent-base: "npm:^7.1.2"
    debug: "npm:^4.3.4"
    get-uri: "npm:^6.0.1"
    http-proxy-agent: "npm:^7.0.0"
    https-proxy-agent: "npm:^7.0.6"
    pac-resolver: "npm:^7.0.1"
    socks-proxy-agent: "npm:^8.0.5"
  checksum: 10c0/0265c17c9401c2ea735697931a6553a0c6d8b20c4d7d4e3b3a0506080ba69a8d5ad656e2a6be875411212e2b6ed7a4d9526dd3997e08581fdfb1cbcad454c296
  languageName: node
  linkType: hard

"pac-resolver@npm:^7.0.1":
  version: 7.0.1
  resolution: "pac-resolver@npm:7.0.1"
  dependencies:
    degenerator: "npm:^5.0.0"
    netmask: "npm:^2.0.2"
  checksum: 10c0/5f3edd1dd10fded31e7d1f95776442c3ee51aa098c28b74ede4927d9677ebe7cebb2636750c24e945f5b84445e41ae39093d3a1014a994e5ceb9f0b1b88ebff5
  languageName: node
  linkType: hard

"parent-module@npm:^1.0.0":
  version: 1.0.1
  resolution: "parent-module@npm:1.0.1"
  dependencies:
    callsites: "npm:^3.0.0"
  checksum: 10c0/c63d6e80000d4babd11978e0d3fee386ca7752a02b035fd2435960ffaa7219dc42146f07069fb65e6e8bf1caef89daf9af7535a39bddf354d78bf50d8294f556
  languageName: node
  linkType: hard

"parse-json@npm:^5.2.0":
  version: 5.2.0
  resolution: "parse-json@npm:5.2.0"
  dependencies:
    "@babel/code-frame": "npm:^7.0.0"
    error-ex: "npm:^1.3.1"
    json-parse-even-better-errors: "npm:^2.3.0"
    lines-and-columns: "npm:^1.1.6"
  checksum: 10c0/77947f2253005be7a12d858aedbafa09c9ae39eb4863adf330f7b416ca4f4a08132e453e08de2db46459256fb66afaac5ee758b44fe6541b7cdaf9d252e59585
  languageName: node
  linkType: hard

"pend@npm:~1.2.0":
  version: 1.2.0
  resolution: "pend@npm:1.2.0"
  checksum: 10c0/8a87e63f7a4afcfb0f9f77b39bb92374afc723418b9cb716ee4257689224171002e07768eeade4ecd0e86f1fa3d8f022994219fb45634f2dbd78c6803e452458
  languageName: node
  linkType: hard

"picocolors@npm:^1.1.1":
  version: 1.1.1
  resolution: "picocolors@npm:1.1.1"
  checksum: 10c0/e2e3e8170ab9d7c7421969adaa7e1b31434f789afb9b3f115f6b96d91945041ac3ceb02e9ec6fe6510ff036bcc0bf91e69a1772edc0b707e12b19c0f2d6bcf58
  languageName: node
  linkType: hard

"progress@npm:^2.0.3":
  version: 2.0.3
  resolution: "progress@npm:2.0.3"
  checksum: 10c0/1697e07cb1068055dbe9fe858d242368ff5d2073639e652b75a7eb1f2a1a8d4afd404d719de23c7b48481a6aa0040686310e2dac2f53d776daa2176d3f96369c
  languageName: node
  linkType: hard

"promise-polyfill@npm:>=8.1.3":
  version: 8.3.0
  resolution: "promise-polyfill@npm:8.3.0"
  checksum: 10c0/97141f07a31a6be135ec9ed53700a3423a771cabec0ba5e08fcb2bf8cfda855479ff70e444fceb938f560be42b450cd032c14f4a940ed2ad1e5b4dcb78368dce
  languageName: node
  linkType: hard

"proxy-agent@npm:^6.5.0":
  version: 6.5.0
  resolution: "proxy-agent@npm:6.5.0"
  dependencies:
    agent-base: "npm:^7.1.2"
    debug: "npm:^4.3.4"
    http-proxy-agent: "npm:^7.0.1"
    https-proxy-agent: "npm:^7.0.6"
    lru-cache: "npm:^7.14.1"
    pac-proxy-agent: "npm:^7.1.0"
    proxy-from-env: "npm:^1.1.0"
    socks-proxy-agent: "npm:^8.0.5"
  checksum: 10c0/7fd4e6f36bf17098a686d4aee3b8394abfc0b0537c2174ce96b0a4223198b9fafb16576c90108a3fcfc2af0168bd7747152bfa1f58e8fee91d3780e79aab7fd8
  languageName: node
  linkType: hard

"proxy-from-env@npm:^1.1.0":
  version: 1.1.0
  resolution: "proxy-from-env@npm:1.1.0"
  checksum: 10c0/fe7dd8b1bdbbbea18d1459107729c3e4a2243ca870d26d34c2c1bcd3e4425b7bcc5112362df2d93cc7fb9746f6142b5e272fd1cc5c86ddf8580175186f6ad42b
  languageName: node
  linkType: hard

"pump@npm:^3.0.0":
  version: 3.0.3
  resolution: "pump@npm:3.0.3"
  dependencies:
    end-of-stream: "npm:^1.1.0"
    once: "npm:^1.3.1"
  checksum: 10c0/ada5cdf1d813065bbc99aa2c393b8f6beee73b5de2890a8754c9f488d7323ffd2ca5f5a0943b48934e3fcbd97637d0337369c3c631aeb9614915db629f1c75c9
  languageName: node
  linkType: hard

"puppeteer-core@npm:24.24.0":
  version: 24.24.0
  resolution: "puppeteer-core@npm:24.24.0"
  dependencies:
    "@puppeteer/browsers": "npm:2.10.11"
    chromium-bidi: "npm:9.1.0"
    debug: "npm:^4.4.3"
    devtools-protocol: "npm:0.0.1508733"
    typed-query-selector: "npm:^2.12.0"
    webdriver-bidi-protocol: "npm:0.3.6"
    ws: "npm:^8.18.3"
  checksum: 10c0/5c22c5d5c657dddc6259866dcbbbb3140f509aae550ed51f0816676b0fb5239ba7b880e44f3a2c5322f3f5da9db601c6e267c001bddb98ed933f49746eda0dfb
  languageName: node
  linkType: hard

"puppeteer@npm:>=10.1.0":
  version: 24.24.0
  resolution: "puppeteer@npm:24.24.0"
  dependencies:
    "@puppeteer/browsers": "npm:2.10.11"
    chromium-bidi: "npm:9.1.0"
    cosmiconfig: "npm:^9.0.0"
    devtools-protocol: "npm:0.0.1508733"
    puppeteer-core: "npm:24.24.0"
    typed-query-selector: "npm:^2.12.0"
  bin:
    puppeteer: lib/cjs/puppeteer/node/cli.js
  checksum: 10c0/5cc1aa48c074a04234fe8edcbb98049dcf49f253a87c58d95f5c212e230118dcad76c0a733279198fd3809df9ed5bce8a0b8ce4e487bc2beb973810b55ca3cd1
  languageName: node
  linkType: hard

"rails-ujs@npm:>=5.2.4-1":
  version: 5.2.8
  resolution: "rails-ujs@npm:5.2.8"
  checksum: 10c0/8466126a0a7303c09d80c7e1e3fabb51acb6421fe64d7f481cefd53356d06e08e76cb7e4ef6606e7514768810adfa25333cdd307e2ab0d08e3d8bc56032c5e96
  languageName: node
  linkType: hard

"require-directory@npm:^2.1.1":
  version: 2.1.1
  resolution: "require-directory@npm:2.1.1"
  checksum: 10c0/83aa76a7bc1531f68d92c75a2ca2f54f1b01463cb566cf3fbc787d0de8be30c9dbc211d1d46be3497dac5785fe296f2dd11d531945ac29730643357978966e99
  languageName: node
  linkType: hard

"resolve-from@npm:^4.0.0":
  version: 4.0.0
  resolution: "resolve-from@npm:4.0.0"
  checksum: 10c0/8408eec31a3112ef96e3746c37be7d64020cda07c03a920f5024e77290a218ea758b26ca9529fd7b1ad283947f34b2291c1c0f6aa0ed34acfdda9c6014c8d190
  languageName: node
  linkType: hard

"root-workspace-0b6124@workspace:.":
  version: 0.0.0-use.local
  resolution: "root-workspace-0b6124@workspace:."
  dependencies:
    "@hotwired/stimulus": "npm:^3.2.1"
    "@hotwired/turbo": "npm:>=8"
    "@stimulus-components/chartjs": "npm:^6.0.0"
    chosen-js: "npm:>=1.8.7"
    esbuild: "npm:^0.15.13"
    install: "npm:^0.13.0"
    jquery: "npm:>=3.4.1"
    jquery_nested_form: "npm:>=0.3.3"
    leaflet: "npm:^1.9.4"
    promise-polyfill: "npm:>=8.1.3"
    puppeteer: "npm:>=10.1.0"
    rails-ujs: "npm:>=5.2.4-1"
    select2: "npm:>=4.0.12"
    stimulus: "npm:^3.2.1"
    what-input: "npm:>=5.2.6"
    yarn: "npm:>=1.22.19"
  languageName: unknown
  linkType: soft

"select2@npm:>=4.0.12":
  version: 4.0.13
  resolution: "select2@npm:4.0.13"
  checksum: 10c0/a393866565a5f878ca21276ed32793595851debb35ff48a8c368640e732619349f547d335b438b45ff5647145eb6c5af868cd5153740de58306a2dca2498550f
  languageName: node
  linkType: hard

"semver@npm:^7.7.2":
  version: 7.7.3
  resolution: "semver@npm:7.7.3"
  bin:
    semver: bin/semver.js
  checksum: 10c0/4afe5c986567db82f44c8c6faef8fe9df2a9b1d98098fc1721f57c696c4c21cebd572f297fc21002f81889492345b8470473bc6f4aff5fb032a6ea59ea2bc45e
  languageName: node
  linkType: hard

"smart-buffer@npm:^4.2.0":
  version: 4.2.0
  resolution: "smart-buffer@npm:4.2.0"
  checksum: 10c0/a16775323e1404dd43fabafe7460be13a471e021637bc7889468eb45ce6a6b207261f454e4e530a19500cc962c4cc5348583520843b363f4193cee5c00e1e539
  languageName: node
  linkType: hard

"socks-proxy-agent@npm:^8.0.5":
  version: 8.0.5
  resolution: "socks-proxy-agent@npm:8.0.5"
  dependencies:
    agent-base: "npm:^7.1.2"
    debug: "npm:^4.3.4"
    socks: "npm:^2.8.3"
  checksum: 10c0/5d2c6cecba6821389aabf18728325730504bf9bb1d9e342e7987a5d13badd7a98838cc9a55b8ed3cb866ad37cc23e1086f09c4d72d93105ce9dfe76330e9d2a6
  languageName: node
  linkType: hard

"socks@npm:^2.8.3":
  version: 2.8.7
  resolution: "socks@npm:2.8.7"
  dependencies:
    ip-address: "npm:^10.0.1"
    smart-buffer: "npm:^4.2.0"
  checksum: 10c0/2805a43a1c4bcf9ebf6e018268d87b32b32b06fbbc1f9282573583acc155860dc361500f89c73bfbb157caa1b4ac78059eac0ef15d1811eb0ca75e0bdadbc9d2
  languageName: node
  linkType: hard

"source-map@npm:~0.6.1":
  version: 0.6.1
  resolution: "source-map@npm:0.6.1"
  checksum: 10c0/ab55398007c5e5532957cb0beee2368529618ac0ab372d789806f5718123cc4367d57de3904b4e6a4170eb5a0b0f41373066d02ca0735a0c4d75c7d328d3e011
  languageName: node
  linkType: hard

"stimulus@npm:^3.2.1":
  version: 3.2.2
  resolution: "stimulus@npm:3.2.2"
  dependencies:
    "@hotwired/stimulus": "npm:^3.2.2"
    "@hotwired/stimulus-webpack-helpers": "npm:^1.0.0"
  checksum: 10c0/cca027b9fd054f46c7c02920a14298bb6df4ee2c4c77346cc5d4d9d27907b051e452c3e7ba325ebbdcd9cdf65cc09e0e3c28c14989c57726dffa36a80cbab1df
  languageName: node
  linkType: hard

"streamx@npm:^2.15.0, streamx@npm:^2.21.0":
  version: 2.23.0
  resolution: "streamx@npm:2.23.0"
  dependencies:
    events-universal: "npm:^1.0.0"
    fast-fifo: "npm:^1.3.2"
    text-decoder: "npm:^1.1.0"
  checksum: 10c0/15708ce37818d588632fe1104e8febde573e33e8c0868bf583fce0703f3faf8d2a063c278e30df2270206811b69997f64eb78792099933a1fe757e786fbcbd44
  languageName: node
  linkType: hard

"string-width@npm:^4.1.0, string-width@npm:^4.2.0, string-width@npm:^4.2.3":
  version: 4.2.3
  resolution: "string-width@npm:4.2.3"
  dependencies:
    emoji-regex: "npm:^8.0.0"
    is-fullwidth-code-point: "npm:^3.0.0"
    strip-ansi: "npm:^6.0.1"
  checksum: 10c0/1e525e92e5eae0afd7454086eed9c818ee84374bb80328fc41217ae72ff5f065ef1c9d7f72da41de40c75fa8bb3dee63d92373fd492c84260a552c636392a47b
  languageName: node
  linkType: hard

"strip-ansi@npm:^6.0.0, strip-ansi@npm:^6.0.1":
  version: 6.0.1
  resolution: "strip-ansi@npm:6.0.1"
  dependencies:
    ansi-regex: "npm:^5.0.1"
  checksum: 10c0/1ae5f212a126fe5b167707f716942490e3933085a5ff6c008ab97ab2f272c8025d3aa218b7bd6ab25729ca20cc81cddb252102f8751e13482a5199e873680952
  languageName: node
  linkType: hard

"tar-fs@npm:^3.1.1":
  version: 3.1.1
  resolution: "tar-fs@npm:3.1.1"
  dependencies:
    bare-fs: "npm:^4.0.1"
    bare-path: "npm:^3.0.0"
    pump: "npm:^3.0.0"
    tar-stream: "npm:^3.1.5"
  dependenciesMeta:
    bare-fs:
      optional: true
    bare-path:
      optional: true
  checksum: 10c0/0c677d711c4aa41f94e1a712aa647022ba1910ff84430739e5d9e95a615e3ea1b7112dc93164fc8ce30dc715befcf9cfdc64da27d4e7958d73c59bda06aa0d8e
  languageName: node
  linkType: hard

"tar-stream@npm:^3.1.5":
  version: 3.1.7
  resolution: "tar-stream@npm:3.1.7"
  dependencies:
    b4a: "npm:^1.6.4"
    fast-fifo: "npm:^1.2.0"
    streamx: "npm:^2.15.0"
  checksum: 10c0/a09199d21f8714bd729993ac49b6c8efcb808b544b89f23378ad6ffff6d1cb540878614ba9d4cfec11a64ef39e1a6f009a5398371491eb1fda606ffc7f70f718
  languageName: node
  linkType: hard

"text-decoder@npm:^1.1.0":
  version: 1.2.3
  resolution: "text-decoder@npm:1.2.3"
  dependencies:
    b4a: "npm:^1.6.4"
  checksum: 10c0/569d776b9250158681c83656ef2c3e0a5d5c660c27ca69f87eedef921749a4fbf02095e5f9a0f862a25cf35258379b06e31dee9c125c9f72e273b7ca1a6d1977
  languageName: node
  linkType: hard

"tslib@npm:^2.0.1":
  version: 2.8.1
  resolution: "tslib@npm:2.8.1"
  checksum: 10c0/9c4759110a19c53f992d9aae23aac5ced636e99887b51b9e61def52611732872ff7668757d4e4c61f19691e36f4da981cd9485e869b4a7408d689f6bf1f14e62
  languageName: node
  linkType: hard

"typed-query-selector@npm:^2.12.0":
  version: 2.12.0
  resolution: "typed-query-selector@npm:2.12.0"
  checksum: 10c0/069509887ecfff824a470f5f93d300cc9223cb059a36c47ac685f2812c4c9470340e07615893765e4264cef1678507532fa78f642fd52f276b589f7f5d791f79
  languageName: node
  linkType: hard

"undici-types@npm:~7.14.0":
  version: 7.14.0
  resolution: "undici-types@npm:7.14.0"
  checksum: 10c0/e7f3214b45d788f03c51ceb33817be99c65dae203863aa9386b3ccc47201a245a7955fc721fb581da9c888b6ebad59fa3f53405214afec04c455a479908f0f14
  languageName: node
  linkType: hard

"webdriver-bidi-protocol@npm:0.3.6":
  version: 0.3.6
  resolution: "webdriver-bidi-protocol@npm:0.3.6"
  checksum: 10c0/5c0123439dd3565a988e0725fc6f4dc7d28154ec777055e7166138302c2e76770dfc668d37d259f5119e8d41a7c63da279071b15c77d84bbbd06dc3482ab5a63
  languageName: node
  linkType: hard

"what-input@npm:>=5.2.6":
  version: 5.2.12
  resolution: "what-input@npm:5.2.12"
  checksum: 10c0/151d30f6f97c20e4703cb1db93ec05a496cd3efdb27917a03f897da445132144c505203d814e00adf4227a70a521531ff8705d23ce5ed9bb5e91831ac2d775f2
  languageName: node
  linkType: hard

"wrap-ansi@npm:^7.0.0":
  version: 7.0.0
  resolution: "wrap-ansi@npm:7.0.0"
  dependencies:
    ansi-styles: "npm:^4.0.0"
    string-width: "npm:^4.1.0"
    strip-ansi: "npm:^6.0.0"
  checksum: 10c0/d15fc12c11e4cbc4044a552129ebc75ee3f57aa9c1958373a4db0292d72282f54373b536103987a4a7594db1ef6a4f10acf92978f79b98c49306a4b58c77d4da
  languageName: node
  linkType: hard

"wrappy@npm:1":
  version: 1.0.2
  resolution: "wrappy@npm:1.0.2"
  checksum: 10c0/56fece1a4018c6a6c8e28fbc88c87e0fbf4ea8fd64fc6c63b18f4acc4bd13e0ad2515189786dd2c30d3eec9663d70f4ecf699330002f8ccb547e4a18231fc9f0
  languageName: node
  linkType: hard

"ws@npm:^8.18.3":
  version: 8.18.3
  resolution: "ws@npm:8.18.3"
  peerDependencies:
    bufferutil: ^4.0.1
    utf-8-validate: ">=5.0.2"
  peerDependenciesMeta:
    bufferutil:
      optional: true
    utf-8-validate:
      optional: true
  checksum: 10c0/eac918213de265ef7cb3d4ca348b891a51a520d839aa51cdb8ca93d4fa7ff9f6ccb339ccee89e4075324097f0a55157c89fa3f7147bde9d8d7e90335dc087b53
  languageName: node
  linkType: hard

"y18n@npm:^5.0.5":
  version: 5.0.8
  resolution: "y18n@npm:5.0.8"
  checksum: 10c0/4df2842c36e468590c3691c894bc9cdbac41f520566e76e24f59401ba7d8b4811eb1e34524d57e54bc6d864bcb66baab7ffd9ca42bf1eda596618f9162b91249
  languageName: node
  linkType: hard

"yargs-parser@npm:^21.1.1":
  version: 21.1.1
  resolution: "yargs-parser@npm:21.1.1"
  checksum: 10c0/f84b5e48169479d2f402239c59f084cfd1c3acc197a05c59b98bab067452e6b3ea46d4dd8ba2985ba7b3d32a343d77df0debd6b343e5dae3da2aab2cdf5886b2
  languageName: node
  linkType: hard

"yargs@npm:^17.7.2":
  version: 17.7.2
  resolution: "yargs@npm:17.7.2"
  dependencies:
    cliui: "npm:^8.0.1"
    escalade: "npm:^3.1.1"
    get-caller-file: "npm:^2.0.5"
    require-directory: "npm:^2.1.1"
    string-width: "npm:^4.2.3"
    y18n: "npm:^5.0.5"
    yargs-parser: "npm:^21.1.1"
  checksum: 10c0/ccd7e723e61ad5965fffbb791366db689572b80cca80e0f96aad968dfff4156cd7cd1ad18607afe1046d8241e6fb2d6c08bf7fa7bfb5eaec818735d8feac8f05
  languageName: node
  linkType: hard

"yarn@npm:>=1.22.19":
  version: 1.22.22
  resolution: "yarn@npm:1.22.22"
  bin:
    yarn: bin/yarn.js
    yarnpkg: bin/yarn.js
  checksum: 10c0/8c77198c93d7542e7f4e131c63b66de357b7076ecfbcfe709ec0d674115c2dd9edaa45196e5510e6e9366d368707a802579e3402071002e1c9d9a99d491478de
  languageName: node
  linkType: hard

"yauzl@npm:^2.10.0":
  version: 2.10.0
  resolution: "yauzl@npm:2.10.0"
  dependencies:
    buffer-crc32: "npm:~0.2.3"
    fd-slicer: "npm:~1.1.0"
  checksum: 10c0/f265002af7541b9ec3589a27f5fb8f11cf348b53cc15e2751272e3c062cd73f3e715bc72d43257de71bbaecae446c3f1b14af7559e8ab0261625375541816422
  languageName: node
  linkType: hard

"zod@npm:^3.24.1":
  version: 3.25.76
  resolution: "zod@npm:3.25.76"
  checksum: 10c0/5718ec35e3c40b600316c5b4c5e4976f7fee68151bc8f8d90ec18a469be9571f072e1bbaace10f1e85cf8892ea12d90821b200e980ab46916a6166a4260a983c
  languageName: node
  linkType: hard
